
Microsoft Visual Studio Solution File, Format Version 12.00
# Visual Studio Version 17
VisualStudioVersion = 17.10.35013.160
MinimumVisualStudioVersion = 10.0.40219.1
Project("{FAE04EC0-301F-11D3-BF4B-00C04F79EFBC}") = "EnigmaMachine2", "EnigmaMachine2\EnigmaMachine2.csproj", "{CA4E040F-77C0-4F1F-A661-814FDFC4A00F}"
EndProject
Global
	GlobalSection(SolutionConfigurationPlatforms) = preSolution
		Debug|Any CPU = Debug|Any CPU
		Release|Any CPU = Release|Any CPU
	EndGlobalSection
	GlobalSection(ProjectConfigurationPlatforms) = postSolution
		{CA4E040F-77C0-4F1F-A661-814FDFC4A00F}.Debug|Any CPU.ActiveCfg = Debug|Any CPU
		{CA4E040F-77C0-4F1F-A661-814FDFC4A00F}.Debug|Any CPU.Build.0 = Debug|Any CPU
		{CA4E040F-77C0-4F1F-A661-814FDFC4A00F}.Release|Any CPU.ActiveCfg = Release|Any CPU
		{CA4E040F-77C0-4F1F-A661-814FDFC4A00F}.Release|Any CPU.Build.0 = Release|Any CPU
	EndGlobalSection
	GlobalSection(SolutionProperties) = preSolution
		HideSolutionNode = FALSE
	EndGlobalSection
	GlobalSection(ExtensibilityGlobals) = postSolution
		SolutionGuid = {1CD666A9-9641-4F7D-9050-4A479BD20353}
	EndGlobalSection
EndGlobal
